// !$*UTF8*$!
{
	archiveVersion = 1;
	classes = {
	};
	objectVersion = 56;
	objects = {

/* Begin PBXBuildFile section */
		245855A6299FA7BC003AAE28 /* AccountSummaryViewController.swift in Sources */ = {isa = PBXBuildFile; fileRef = 245855A5299FA7BC003AAE28 /* AccountSummaryViewController.swift */; };
		245855A8299FB175003AAE28 /* AccountSummaryHeaderView.swift in Sources */ = {isa = PBXBuildFile; fileRef = 245855A7299FB175003AAE28 /* AccountSummaryHeaderView.swift */; };
		245855AD299FCE65003AAE28 /* AccountSummaryCell.swift in Sources */ = {isa = PBXBuildFile; fileRef = 245855AC299FCE65003AAE28 /* AccountSummaryCell.swift */; };
		245855AF29A0E262003AAE28 /* DecimalUtils.swift in Sources */ = {isa = PBXBuildFile; fileRef = 245855AE29A0E262003AAE28 /* DecimalUtils.swift */; };
		245855B129A0E35A003AAE28 /* CurrencyFormatter.swift in Sources */ = {isa = PBXBuildFile; fileRef = 245855B029A0E35A003AAE28 /* CurrencyFormatter.swift */; };
		2488F7CC29983041004FB8C9 /* AppDelegate.swift in Sources */ = {isa = PBXBuildFile; fileRef = 2488F7CB29983041004FB8C9 /* AppDelegate.swift */; };
		2488F7CE29983041004FB8C9 /* SceneDelegate.swift in Sources */ = {isa = PBXBuildFile; fileRef = 2488F7CD29983041004FB8C9 /* SceneDelegate.swift */; };
		2488F7D529983043004FB8C9 /* Assets.xcassets in Resources */ = {isa = PBXBuildFile; fileRef = 2488F7D429983043004FB8C9 /* Assets.xcassets */; };
		2488F7D829983043004FB8C9 /* LaunchScreen.storyboard in Resources */ = {isa = PBXBuildFile; fileRef = 2488F7D629983043004FB8C9 /* LaunchScreen.storyboard */; };
		2488F7E0299830B2004FB8C9 /* loginView.swift in Sources */ = {isa = PBXBuildFile; fileRef = 2488F7DF299830B2004FB8C9 /* loginView.swift */; };
		2488F7E2299830CA004FB8C9 /* LoginViewController.swift in Sources */ = {isa = PBXBuildFile; fileRef = 2488F7E1299830CA004FB8C9 /* LoginViewController.swift */; };
		2488F7E82998FB2B004FB8C9 /* OnboardingContainerVC.swift in Sources */ = {isa = PBXBuildFile; fileRef = 2488F7E72998FB2B004FB8C9 /* OnboardingContainerVC.swift */; };
		2488F7EA2999067B004FB8C9 /* OnboardingVC.swift in Sources */ = {isa = PBXBuildFile; fileRef = 2488F7E92999067B004FB8C9 /* OnboardingVC.swift */; };
		2488F7EC299963F8004FB8C9 /* DummyVc.swift in Sources */ = {isa = PBXBuildFile; fileRef = 2488F7EB299963F8004FB8C9 /* DummyVc.swift */; };
		2488F7EF299A6AAF004FB8C9 /* LocalState.swift in Sources */ = {isa = PBXBuildFile; fileRef = 2488F7EE299A6AAF004FB8C9 /* LocalState.swift */; };
		2488F7F1299A9DD8004FB8C9 /* UIViewControllers + Utils.swift in Sources */ = {isa = PBXBuildFile; fileRef = 2488F7F0299A9DD8004FB8C9 /* UIViewControllers + Utils.swift */; };
		2488F7F3299A9F10004FB8C9 /* MainViewController.swift in Sources */ = {isa = PBXBuildFile; fileRef = 2488F7F2299A9F10004FB8C9 /* MainViewController.swift */; };
/* End PBXBuildFile section */

/* Begin PBXFileReference section */
		245855A5299FA7BC003AAE28 /* AccountSummaryViewController.swift */ = {isa = PBXFileReference; lastKnownFileType = sourcecode.swift; path = AccountSummaryViewController.swift; sourceTree = "<group>"; };
		245855A7299FB175003AAE28 /* AccountSummaryHeaderView.swift */ = {isa = PBXFileReference; lastKnownFileType = sourcecode.swift; path = AccountSummaryHeaderView.swift; sourceTree = "<group>"; };
		245855AC299FCE65003AAE28 /* AccountSummaryCell.swift */ = {isa = PBXFileReference; lastKnownFileType = sourcecode.swift; path = AccountSummaryCell.swift; sourceTree = "<group>"; };
		245855AE29A0E262003AAE28 /* DecimalUtils.swift */ = {isa = PBXFileReference; lastKnownFileType = sourcecode.swift; path = DecimalUtils.swift; sourceTree = "<group>"; };
		245855B029A0E35A003AAE28 /* CurrencyFormatter.swift */ = {isa = PBXFileReference; lastKnownFileType = sourcecode.swift; path = CurrencyFormatter.swift; sourceTree = "<group>"; };
		2488F7C829983041004FB8C9 /* moneyApp.app */ = {isa = PBXFileReference; explicitFileType = wrapper.application; includeInIndex = 0; path = moneyApp.app; sourceTree = BUILT_PRODUCTS_DIR; };
		2488F7CB29983041004FB8C9 /* AppDelegate.swift */ = {isa = PBXFileReference; lastKnownFileType = sourcecode.swift; path = AppDelegate.swift; sourceTree = "<group>"; };
		2488F7CD29983041004FB8C9 /* SceneDelegate.swift */ = {isa = PBXFileReference; lastKnownFileType = sourcecode.swift; path = SceneDelegate.swift; sourceTree = "<group>"; };
		2488F7D429983043004FB8C9 /* Assets.xcassets */ = {isa = PBXFileReference; lastKnownFileType = folder.assetcatalog; path = Assets.xcassets; sourceTree = "<group>"; };
		2488F7D729983043004FB8C9 /* Base */ = {isa = PBXFileReference; lastKnownFileType = file.storyboard; name = Base; path = Base.lproj/LaunchScreen.storyboard; sourceTree = "<group>"; };
		2488F7D929983043004FB8C9 /* Info.plist */ = {isa = PBXFileReference; lastKnownFileType = text.plist.xml; path = Info.plist; sourceTree = SOURCE_ROOT; };
		2488F7DF299830B2004FB8C9 /* loginView.swift */ = {isa = PBXFileReference; lastKnownFileType = sourcecode.swift; path = loginView.swift; sourceTree = "<group>"; };
		2488F7E1299830CA004FB8C9 /* LoginViewController.swift */ = {isa = PBXFileReference; lastKnownFileType = sourcecode.swift; path = LoginViewController.swift; sourceTree = "<group>"; };
		2488F7E72998FB2B004FB8C9 /* OnboardingContainerVC.swift */ = {isa = PBXFileReference; lastKnownFileType = sourcecode.swift; path = OnboardingContainerVC.swift; sourceTree = "<group>"; };
		2488F7E92999067B004FB8C9 /* OnboardingVC.swift */ = {isa = PBXFileReference; lastKnownFileType = sourcecode.swift; path = OnboardingVC.swift; sourceTree = "<group>"; };
		2488F7EB299963F8004FB8C9 /* DummyVc.swift */ = {isa = PBXFileReference; lastKnownFileType = sourcecode.swift; path = DummyVc.swift; sourceTree = "<group>"; };
		2488F7EE299A6AAF004FB8C9 /* LocalState.swift */ = {isa = PBXFileReference; lastKnownFileType = sourcecode.swift; path = LocalState.swift; sourceTree = "<group>"; };
		2488F7F0299A9DD8004FB8C9 /* UIViewControllers + Utils.swift */ = {isa = PBXFileReference; lastKnownFileType = sourcecode.swift; path = "UIViewControllers + Utils.swift"; sourceTree = "<group>"; };
		2488F7F2299A9F10004FB8C9 /* MainViewController.swift */ = {isa = PBXFileReference; lastKnownFileType = sourcecode.swift; path = MainViewController.swift; sourceTree = "<group>"; };
/* End PBXFileReference section */

/* Begin PBXFrameworksBuildPhase section */
		2488F7C529983041004FB8C9 /* Frameworks */ = {
			isa = PBXFrameworksBuildPhase;
			buildActionMask = 2147483647;
			files = (
			);
			runOnlyForDeploymentPostprocessing = 0;
		};
/* End PBXFrameworksBuildPhase section */

/* Begin PBXGroup section */
		245855A4299FA765003AAE28 /* AccountSummary */ = {
			isa = PBXGroup;
			children = (
				245855A5299FA7BC003AAE28 /* AccountSummaryViewController.swift */,
				245855A7299FB175003AAE28 /* AccountSummaryHeaderView.swift */,
			);
			path = AccountSummary;
			sourceTree = "<group>";
		};
		245855AB299FCE08003AAE28 /* AccountSummaryCell */ = {
			isa = PBXGroup;
			children = (
				245855AC299FCE65003AAE28 /* AccountSummaryCell.swift */,
			);
			path = AccountSummaryCell;
			sourceTree = "<group>";
		};
		2488F7BF29983041004FB8C9 = {
			isa = PBXGroup;
			children = (
				2488F7F2299A9F10004FB8C9 /* MainViewController.swift */,
				245855A4299FA765003AAE28 /* AccountSummary */,
				245855AB299FCE08003AAE28 /* AccountSummaryCell */,
				2488F7ED299A6A79004FB8C9 /* Utilis */,
				2488F7E32998F7EB004FB8C9 /* Login */,
				2488F7E62998FADC004FB8C9 /* Onboarding  */,
				2488F7D629983043004FB8C9 /* LaunchScreen.storyboard */,
				2488F7CD29983041004FB8C9 /* SceneDelegate.swift */,
				2488F7CB29983041004FB8C9 /* AppDelegate.swift */,
				2488F7D429983043004FB8C9 /* Assets.xcassets */,
				2488F7D929983043004FB8C9 /* Info.plist */,
				2488F7C929983041004FB8C9 /* Products */,
			);
			sourceTree = "<group>";
		};
		2488F7C929983041004FB8C9 /* Products */ = {
			isa = PBXGroup;
			children = (
				2488F7C829983041004FB8C9 /* moneyApp.app */,
			);
			name = Products;
			sourceTree = "<group>";
		};
		2488F7E32998F7EB004FB8C9 /* Login */ = {
			isa = PBXGroup;
			children = (
				2488F7E1299830CA004FB8C9 /* LoginViewController.swift */,
				2488F7DF299830B2004FB8C9 /* loginView.swift */,
				2488F7EB299963F8004FB8C9 /* DummyVc.swift */,
			);
			path = Login;
			sourceTree = "<group>";
		};
		2488F7E62998FADC004FB8C9 /* Onboarding  */ = {
			isa = PBXGroup;
			children = (
				2488F7E72998FB2B004FB8C9 /* OnboardingContainerVC.swift */,
				2488F7E92999067B004FB8C9 /* OnboardingVC.swift */,
			);
			path = "Onboarding ";
			sourceTree = "<group>";
		};
		2488F7ED299A6A79004FB8C9 /* Utilis */ = {
			isa = PBXGroup;
			children = (
				2488F7EE299A6AAF004FB8C9 /* LocalState.swift */,
				2488F7F0299A9DD8004FB8C9 /* UIViewControllers + Utils.swift */,
				245855AE29A0E262003AAE28 /* DecimalUtils.swift */,
				245855B029A0E35A003AAE28 /* CurrencyFormatter.swift */,
			);
			path = Utilis;
			sourceTree = "<group>";
		};
/* End PBXGroup section */

/* Begin PBXNativeTarget section */
		2488F7C729983041004FB8C9 /* moneyApp */ = {
			isa = PBXNativeTarget;
			buildConfigurationList = 2488F7DC29983043004FB8C9 /* Build configuration list for PBXNativeTarget "moneyApp" */;
			buildPhases = (
				2488F7C429983041004FB8C9 /* Sources */,
				2488F7C529983041004FB8C9 /* Frameworks */,
				2488F7C629983041004FB8C9 /* Resources */,
			);
			buildRules = (
			);
			dependencies = (
			);
			name = moneyApp;
			productName = moneyApp;
			productReference = 2488F7C829983041004FB8C9 /* moneyApp.app */;
			productType = "com.apple.product-type.application";
		};
/* End PBXNativeTarget section */

/* Begin PBXProject section */
		2488F7C029983041004FB8C9 /* Project object */ = {
			isa = PBXProject;
			attributes = {
				BuildIndependentTargetsInParallel = 1;
				LastSwiftUpdateCheck = 1420;
				LastUpgradeCheck = 1420;
				TargetAttributes = {
					2488F7C729983041004FB8C9 = {
						CreatedOnToolsVersion = 14.2;
					};
				};
			};
			buildConfigurationList = 2488F7C329983041004FB8C9 /* Build configuration list for PBXProject "moneyApp" */;
			compatibilityVersion = "Xcode 14.0";
			developmentRegion = en;
			hasScannedForEncodings = 0;
			knownRegions = (
				en,
				Base,
			);
			mainGroup = 2488F7BF29983041004FB8C9;
			productRefGroup = 2488F7C929983041004FB8C9 /* Products */;
			projectDirPath = "";
			projectRoot = "";
			targets = (
				2488F7C729983041004FB8C9 /* moneyApp */,
			);
		};
/* End PBXProject section */

/* Begin PBXResourcesBuildPhase section */
		2488F7C629983041004FB8C9 /* Resources */ = {
			isa = PBXResourcesBuildPhase;
			buildActionMask = 2147483647;
			files = (
				2488F7D829983043004FB8C9 /* LaunchScreen.storyboard in Resources */,
				2488F7D529983043004FB8C9 /* Assets.xcassets in Resources */,
			);
			runOnlyForDeploymentPostprocessing = 0;
		};
/* End PBXResourcesBuildPhase section */

/* Begin PBXSourcesBuildPhase section */
		2488F7C429983041004FB8C9 /* Sources */ = {
			isa = PBXSourcesBuildPhase;
			buildActionMask = 2147483647;
			files = (
				245855A8299FB175003AAE28 /* AccountSummaryHeaderView.swift in Sources */,
				245855AD299FCE65003AAE28 /* AccountSummaryCell.swift in Sources */,
				2488F7E82998FB2B004FB8C9 /* OnboardingContainerVC.swift in Sources */,
				2488F7EA2999067B004FB8C9 /* OnboardingVC.swift in Sources */,
				245855B129A0E35A003AAE28 /* CurrencyFormatter.swift in Sources */,
				2488F7CC29983041004FB8C9 /* AppDelegate.swift in Sources */,
				2488F7E0299830B2004FB8C9 /* loginView.swift in Sources */,
				2488F7EC299963F8004FB8C9 /* DummyVc.swift in Sources */,
				245855AF29A0E262003AAE28 /* DecimalUtils.swift in Sources */,
				2488F7E2299830CA004FB8C9 /* LoginViewController.swift in Sources */,
				2488F7F1299A9DD8004FB8C9 /* UIViewControllers + Utils.swift in Sources */,
				2488F7CE29983041004FB8C9 /* SceneDelegate.swift in Sources */,
				245855A6299FA7BC003AAE28 /* AccountSummaryViewController.swift in Sources */,
				2488F7EF299A6AAF004FB8C9 /* LocalState.swift in Sources */,
				2488F7F3299A9F10004FB8C9 /* MainViewController.swift in Sources */,
			);
			runOnlyForDeploymentPostprocessing = 0;
		};
/* End PBXSourcesBuildPhase section */

/* Begin PBXVariantGroup section */
		2488F7D629983043004FB8C9 /* LaunchScreen.storyboard */ = {
			isa = PBXVariantGroup;
			children = (
				2488F7D729983043004FB8C9 /* Base */,
			);
			name = LaunchScreen.storyboard;
			sourceTree = "<group>";
		};
/* End PBXVariantGroup section */

/* Begin XCBuildConfiguration section */
		2488F7DA29983043004FB8C9 /* Debug */ = {
			isa = XCBuildConfiguration;
			buildSettings = {
				ALWAYS_SEARCH_USER_PATHS = NO;
				CLANG_ANALYZER_NONNULL = YES;
				CLANG_ANALYZER_NUMBER_OBJECT_CONVERSION = YES_AGGRESSIVE;
				CLANG_CXX_LANGUAGE_STANDARD = "gnu++20";
				CLANG_ENABLE_MODULES = YES;
				CLANG_ENABLE_OBJC_ARC = YES;
				CLANG_ENABLE_OBJC_WEAK = YES;
				CLANG_WARN_BLOCK_CAPTURE_AUTORELEASING = YES;
				CLANG_WARN_BOOL_CONVERSION = YES;
				CLANG_WARN_COMMA = YES;
				CLANG_WARN_CONSTANT_CONVERSION = YES;
				CLANG_WARN_DEPRECATED_OBJC_IMPLEMENTATIONS = YES;
				CLANG_WARN_DIRECT_OBJC_ISA_USAGE = YES_ERROR;
				CLANG_WARN_DOCUMENTATION_COMMENTS = YES;
				CLANG_WARN_EMPTY_BODY = YES;
				CLANG_WARN_ENUM_CONVERSION = YES;
				CLANG_WARN_INFINITE_RECURSION = YES;
				CLANG_WARN_INT_CONVERSION = YES;
				CLANG_WARN_NON_LITERAL_NULL_CONVERSION = YES;
				CLANG_WARN_OBJC_IMPLICIT_RETAIN_SELF = YES;
				CLANG_WARN_OBJC_LITERAL_CONVERSION = YES;
				CLANG_WARN_OBJC_ROOT_CLASS = YES_ERROR;
				CLANG_WARN_QUOTED_INCLUDE_IN_FRAMEWORK_HEADER = YES;
				CLANG_WARN_RANGE_LOOP_ANALYSIS = YES;
				CLANG_WARN_STRICT_PROTOTYPES = YES;
				CLANG_WARN_SUSPICIOUS_MOVE = YES;
				CLANG_WARN_UNGUARDED_AVAILABILITY = YES_AGGRESSIVE;
				CLANG_WARN_UNREACHABLE_CODE = YES;
				CLANG_WARN__DUPLICATE_METHOD_MATCH = YES;
				COPY_PHASE_STRIP = NO;
				DEBUG_INFORMATION_FORMAT = dwarf;
				ENABLE_STRICT_OBJC_MSGSEND = YES;
				ENABLE_TESTABILITY = YES;
				GCC_C_LANGUAGE_STANDARD = gnu11;
				GCC_DYNAMIC_NO_PIC = NO;
				GCC_NO_COMMON_BLOCKS = YES;
				GCC_OPTIMIZATION_LEVEL = 0;
				GCC_PREPROCESSOR_DEFINITIONS = (
					"DEBUG=1",
					"$(inherited)",
				);
				GCC_WARN_64_TO_32_BIT_CONVERSION = YES;
				GCC_WARN_ABOUT_RETURN_TYPE = YES_ERROR;
				GCC_WARN_UNDECLARED_SELECTOR = YES;
				GCC_WARN_UNINITIALIZED_AUTOS = YES_AGGRESSIVE;
				GCC_WARN_UNUSED_FUNCTION = YES;
				GCC_WARN_UNUSED_VARIABLE = YES;
				IPHONEOS_DEPLOYMENT_TARGET = 16.2;
				MTL_ENABLE_DEBUG_INFO = INCLUDE_SOURCE;
				MTL_FAST_MATH = YES;
				ONLY_ACTIVE_ARCH = YES;
				SDKROOT = iphoneos;
				SWIFT_ACTIVE_COMPILATION_CONDITIONS = DEBUG;
				SWIFT_OPTIMIZATION_LEVEL = "-Onone";
			};
			name = Debug;
		};
		2488F7DB29983043004FB8C9 /* Release */ = {
			isa = XCBuildConfiguration;
			buildSettings = {
				ALWAYS_SEARCH_USER_PATHS = NO;
				CLANG_ANALYZER_NONNULL = YES;
				CLANG_ANALYZER_NUMBER_OBJECT_CONVERSION = YES_AGGRESSIVE;
				CLANG_CXX_LANGUAGE_STANDARD = "gnu++20";
				CLANG_ENABLE_MODULES = YES;
				CLANG_ENABLE_OBJC_ARC = YES;
				CLANG_ENABLE_OBJC_WEAK = YES;
				CLANG_WARN_BLOCK_CAPTURE_AUTORELEASING = YES;
				CLANG_WARN_BOOL_CONVERSION = YES;
				CLANG_WARN_COMMA = YES;
				CLANG_WARN_CONSTANT_CONVERSION = YES;
				CLANG_WARN_DEPRECATED_OBJC_IMPLEMENTATIONS = YES;
				CLANG_WARN_DIRECT_OBJC_ISA_USAGE = YES_ERROR;
				CLANG_WARN_DOCUMENTATION_COMMENTS = YES;
				CLANG_WARN_EMPTY_BODY = YES;
				CLANG_WARN_ENUM_CONVERSION = YES;
				CLANG_WARN_INFINITE_RECURSION = YES;
				CLANG_WARN_INT_CONVERSION = YES;
				CLANG_WARN_NON_LITERAL_NULL_CONVERSION = YES;
				CLANG_WARN_OBJC_IMPLICIT_RETAIN_SELF = YES;
				CLANG_WARN_OBJC_LITERAL_CONVERSION = YES;
				CLANG_WARN_OBJC_ROOT_CLASS = YES_ERROR;
				CLANG_WARN_QUOTED_INCLUDE_IN_FRAMEWORK_HEADER = YES;
				CLANG_WARN_RANGE_LOOP_ANALYSIS = YES;
				CLANG_WARN_STRICT_PROTOTYPES = YES;
				CLANG_WARN_SUSPICIOUS_MOVE = YES;
				CLANG_WARN_UNGUARDED_AVAILABILITY = YES_AGGRESSIVE;
				CLANG_WARN_UNREACHABLE_CODE = YES;
				CLANG_WARN__DUPLICATE_METHOD_MATCH = YES;
				COPY_PHASE_STRIP = NO;
				DEBUG_INFORMATION_FORMAT = "dwarf-with-dsym";
				ENABLE_NS_ASSERTIONS = NO;
				ENABLE_STRICT_OBJC_MSGSEND = YES;
				GCC_C_LANGUAGE_STANDARD = gnu11;
				GCC_NO_COMMON_BLOCKS = YES;
				GCC_WARN_64_TO_32_BIT_CONVERSION = YES;
				GCC_WARN_ABOUT_RETURN_TYPE = YES_ERROR;
				GCC_WARN_UNDECLARED_SELECTOR = YES;
				GCC_WARN_UNINITIALIZED_AUTOS = YES_AGGRESSIVE;
				GCC_WARN_UNUSED_FUNCTION = YES;
				GCC_WARN_UNUSED_VARIABLE = YES;
				IPHONEOS_DEPLOYMENT_TARGET = 16.2;
				MTL_ENABLE_DEBUG_INFO = NO;
				MTL_FAST_MATH = YES;
				SDKROOT = iphoneos;
				SWIFT_COMPILATION_MODE = wholemodule;
				SWIFT_OPTIMIZATION_LEVEL = "-O";
				VALIDATE_PRODUCT = YES;
			};
			name = Release;
		};
		2488F7DD29983043004FB8C9 /* Debug */ = {
			isa = XCBuildConfiguration;
			buildSettings = {
				ASSETCATALOG_COMPILER_APPICON_NAME = AppIcon;
				ASSETCATALOG_COMPILER_GLOBAL_ACCENT_COLOR_NAME = AccentColor;
				CODE_SIGN_STYLE = Automatic;
				CURRENT_PROJECT_VERSION = 1;
				DEVELOPMENT_TEAM = 5C86U37WWL;
				GENERATE_INFOPLIST_FILE = YES;
				INFOPLIST_FILE = /Users/vladlenskukjans/Desktop/moneyApp/Info.plist;
				INFOPLIST_KEY_UIApplicationSupportsIndirectInputEvents = YES;
				INFOPLIST_KEY_UILaunchStoryboardName = LaunchScreen;
				INFOPLIST_KEY_UISupportedInterfaceOrientations_iPad = "UIInterfaceOrientationPortrait UIInterfaceOrientationPortraitUpsideDown UIInterfaceOrientationLandscapeLeft UIInterfaceOrientationLandscapeRight";
				INFOPLIST_KEY_UISupportedInterfaceOrientations_iPhone = "UIInterfaceOrientationPortrait UIInterfaceOrientationLandscapeLeft UIInterfaceOrientationLandscapeRight";
				LD_RUNPATH_SEARCH_PATHS = (
					"$(inherited)",
					"@executable_path/Frameworks",
				);
				MARKETING_VERSION = 1.0;
				PRODUCT_BUNDLE_IDENTIFIER = me.moneyApp;
				PRODUCT_NAME = "$(TARGET_NAME)";
				SWIFT_EMIT_LOC_STRINGS = YES;
				SWIFT_VERSION = 5.0;
				TARGETED_DEVICE_FAMILY = "1,2";
			};
			name = Debug;
		};
		2488F7DE29983043004FB8C9 /* Release */ = {
			isa = XCBuildConfiguration;
			buildSettings = {
				ASSETCATALOG_COMPILER_APPICON_NAME = AppIcon;
				ASSETCATALOG_COMPILER_GLOBAL_ACCENT_COLOR_NAME = AccentColor;
				CODE_SIGN_STYLE = Automatic;
				CURRENT_PROJECT_VERSION = 1;
				DEVELOPMENT_TEAM = 5C86U37WWL;
				GENERATE_INFOPLIST_FILE = YES;
				INFOPLIST_FILE = /Users/vladlenskukjans/Desktop/moneyApp/Info.plist;
				INFOPLIST_KEY_UIApplicationSupportsIndirectInputEvents = YES;
				INFOPLIST_KEY_UILaunchStoryboardName = LaunchScreen;
				INFOPLIST_KEY_UISupportedInterfaceOrientations_iPad = "UIInterfaceOrientationPortrait UIInterfaceOrientationPortraitUpsideDown UIInterfaceOrientationLandscapeLeft UIInterfaceOrientationLandscapeRight";
				INFOPLIST_KEY_UISupportedInterfaceOrientations_iPhone = "UIInterfaceOrientationPortrait UIInterfaceOrientationLandscapeLeft UIInterfaceOrientationLandscapeRight";
				LD_RUNPATH_SEARCH_PATHS = (
					"$(inherited)",
					"@executable_path/Frameworks",
				);
				MARKETING_VERSION = 1.0;
				PRODUCT_BUNDLE_IDENTIFIER = me.moneyApp;
				PRODUCT_NAME = "$(TARGET_NAME)";
				SWIFT_EMIT_LOC_STRINGS = YES;
				SWIFT_VERSION = 5.0;
				TARGETED_DEVICE_FAMILY = "1,2";
			};
			name = Release;
		};
/* End XCBuildConfiguration section */

/* Begin XCConfigurationList section */
		2488F7C329983041004FB8C9 /* Build configuration list for PBXProject "moneyApp" */ = {
			isa = XCConfigurationList;
			buildConfigurations = (
				2488F7DA29983043004FB8C9 /* Debug */,
				2488F7DB29983043004FB8C9 /* Release */,
			);
			defaultConfigurationIsVisible = 0;
			defaultConfigurationName = Release;
		};
		2488F7DC29983043004FB8C9 /* Build configuration list for PBXNativeTarget "moneyApp" */ = {
			isa = XCConfigurationList;
			buildConfigurations = (
				2488F7DD29983043004FB8C9 /* Debug */,
				2488F7DE29983043004FB8C9 /* Release */,
			);
			defaultConfigurationIsVisible = 0;
			defaultConfigurationName = Release;
		};
/* End XCConfigurationList section */
	};
	rootObject = 2488F7C029983041004FB8C9 /* Project object */;
}
